
Microsoft Visual Studio Solution File, Format Version 12.00
# Visual Studio Express 2013 for Windows Desktop
VisualStudioVersion = 12.0.21005.1
MinimumVisualStudioVersion = 10.0.40219.1
Project("{8BC9CEB8-8B4A-11D0-8D11-00A0C91BC942}") = "Game", "Game.vcxproj", "{223AD01F-C613-48A7-9C43-B5871BB8D7E2}"
	ProjectSection(ProjectDependencies) = postProject
		{D6973076-9317-4EF2-A0B8-B7A18AC0713E} = {D6973076-9317-4EF2-A0B8-B7A18AC0713E}
		{8ABB7188-77B8-4A24-B9D6-64771DB0423C} = {8ABB7188-77B8-4A24-B9D6-64771DB0423C}
	EndProjectSection
EndProject
Project("{8BC9CEB8-8B4A-11D0-8D11-00A0C91BC942}") = "zlib", "libpng-1.6.2\projects\vstudio\zlib\zlib.vcxproj", "{60F89955-91C6-3A36-8000-13C592FEC2DF}"
EndProject
Project("{8BC9CEB8-8B4A-11D0-8D11-00A0C91BC942}") = "libpng", "libpng-1.6.2\projects\vstudio\libpng\libpng.vcxproj", "{D6973076-9317-4EF2-A0B8-B7A18AC0713E}"
	ProjectSection(ProjectDependencies) = postProject
		{60F89955-91C6-3A36-8000-13C592FEC2DF} = {60F89955-91C6-3A36-8000-13C592FEC2DF}
	EndProjectSection
EndProject
Project("{8BC9CEB8-8B4A-11D0-8D11-00A0C91BC942}") = "glew32", "glew\glew.vcxproj", "{8ABB7188-77B8-4A24-B9D6-64771DB0423C}"
EndProject
Project("{8BC9CEB8-8B4A-11D0-8D11-00A0C91BC942}") = "freetype-gl", "freetype-gl\freetype-gl.vcxproj", "{1143868B-F8AC-43E0-B473-A6F80B29B1CC}"
EndProject
Project("{8BC9CEB8-8B4A-11D0-8D11-00A0C91BC942}") = "assimp", "assimp-3.1.1\assimp.vcxproj", "{9D159060-AAE0-4537-9F91-4C4C534E9DBA}"
EndProject
Global
	GlobalSection(SolutionConfigurationPlatforms) = preSolution
		Debug Library|Win32 = Debug Library|Win32
		Debug|Win32 = Debug|Win32
		MinSizeRel|Win32 = MinSizeRel|Win32
		Release Library|Win32 = Release Library|Win32
		Release|Win32 = Release|Win32
		RelWithDebInfo|Win32 = RelWithDebInfo|Win32
	EndGlobalSection
	GlobalSection(ProjectConfigurationPlatforms) = postSolution
		{223AD01F-C613-48A7-9C43-B5871BB8D7E2}.Debug Library|Win32.ActiveCfg = Debug|Win32
		{223AD01F-C613-48A7-9C43-B5871BB8D7E2}.Debug Library|Win32.Build.0 = Debug|Win32
		{223AD01F-C613-48A7-9C43-B5871BB8D7E2}.Debug|Win32.ActiveCfg = Debug|Win32
		{223AD01F-C613-48A7-9C43-B5871BB8D7E2}.Debug|Win32.Build.0 = Debug|Win32
		{223AD01F-C613-48A7-9C43-B5871BB8D7E2}.MinSizeRel|Win32.ActiveCfg = Release|Win32
		{223AD01F-C613-48A7-9C43-B5871BB8D7E2}.MinSizeRel|Win32.Build.0 = Release|Win32
		{223AD01F-C613-48A7-9C43-B5871BB8D7E2}.Release Library|Win32.ActiveCfg = Release|Win32
		{223AD01F-C613-48A7-9C43-B5871BB8D7E2}.Release Library|Win32.Build.0 = Release|Win32
		{223AD01F-C613-48A7-9C43-B5871BB8D7E2}.Release|Win32.ActiveCfg = Release|Win32
		{223AD01F-C613-48A7-9C43-B5871BB8D7E2}.Release|Win32.Build.0 = Release|Win32
		{223AD01F-C613-48A7-9C43-B5871BB8D7E2}.RelWithDebInfo|Win32.ActiveCfg = Release|Win32
		{223AD01F-C613-48A7-9C43-B5871BB8D7E2}.RelWithDebInfo|Win32.Build.0 = Release|Win32
		{60F89955-91C6-3A36-8000-13C592FEC2DF}.Debug Library|Win32.ActiveCfg = Debug Library|Win32
		{60F89955-91C6-3A36-8000-13C592FEC2DF}.Debug Library|Win32.Build.0 = Debug Library|Win32
		{60F89955-91C6-3A36-8000-13C592FEC2DF}.Debug|Win32.ActiveCfg = Debug|Win32
		{60F89955-91C6-3A36-8000-13C592FEC2DF}.Debug|Win32.Build.0 = Debug|Win32
		{60F89955-91C6-3A36-8000-13C592FEC2DF}.MinSizeRel|Win32.ActiveCfg = Release|Win32
		{60F89955-91C6-3A36-8000-13C592FEC2DF}.MinSizeRel|Win32.Build.0 = Release|Win32
		{60F89955-91C6-3A36-8000-13C592FEC2DF}.Release Library|Win32.ActiveCfg = Release Library|Win32
		{60F89955-91C6-3A36-8000-13C592FEC2DF}.Release Library|Win32.Build.0 = Release Library|Win32
		{60F89955-91C6-3A36-8000-13C592FEC2DF}.Release|Win32.ActiveCfg = Release|Win32
		{60F89955-91C6-3A36-8000-13C592FEC2DF}.Release|Win32.Build.0 = Release|Win32
		{60F89955-91C6-3A36-8000-13C592FEC2DF}.RelWithDebInfo|Win32.ActiveCfg = Release|Win32
		{60F89955-91C6-3A36-8000-13C592FEC2DF}.RelWithDebInfo|Win32.Build.0 = Release|Win32
		{D6973076-9317-4EF2-A0B8-B7A18AC0713E}.Debug Library|Win32.ActiveCfg = Debug Library|Win32
		{D6973076-9317-4EF2-A0B8-B7A18AC0713E}.Debug Library|Win32.Build.0 = Debug Library|Win32
		{D6973076-9317-4EF2-A0B8-B7A18AC0713E}.Debug|Win32.ActiveCfg = Debug|Win32
		{D6973076-9317-4EF2-A0B8-B7A18AC0713E}.Debug|Win32.Build.0 = Debug|Win32
		{D6973076-9317-4EF2-A0B8-B7A18AC0713E}.MinSizeRel|Win32.ActiveCfg = Release|Win32
		{D6973076-9317-4EF2-A0B8-B7A18AC0713E}.MinSizeRel|Win32.Build.0 = Release|Win32
		{D6973076-9317-4EF2-A0B8-B7A18AC0713E}.Release Library|Win32.ActiveCfg = Release Library|Win32
		{D6973076-9317-4EF2-A0B8-B7A18AC0713E}.Release Library|Win32.Build.0 = Release Library|Win32
		{D6973076-9317-4EF2-A0B8-B7A18AC0713E}.Release|Win32.ActiveCfg = Release|Win32
		{D6973076-9317-4EF2-A0B8-B7A18AC0713E}.Release|Win32.Build.0 = Release|Win32
		{D6973076-9317-4EF2-A0B8-B7A18AC0713E}.RelWithDebInfo|Win32.ActiveCfg = Release|Win32
		{D6973076-9317-4EF2-A0B8-B7A18AC0713E}.RelWithDebInfo|Win32.Build.0 = Release|Win32
		{8ABB7188-77B8-4A24-B9D6-64771DB0423C}.Debug Library|Win32.ActiveCfg = Debug|Win32
		{8ABB7188-77B8-4A24-B9D6-64771DB0423C}.Debug Library|Win32.Build.0 = Debug|Win32
		{8ABB7188-77B8-4A24-B9D6-64771DB0423C}.Debug|Win32.ActiveCfg = Debug|Win32
		{8ABB7188-77B8-4A24-B9D6-64771DB0423C}.Debug|Win32.Build.0 = Debug|Win32
		{8ABB7188-77B8-4A24-B9D6-64771DB0423C}.MinSizeRel|Win32.ActiveCfg = Release|Win32
		{8ABB7188-77B8-4A24-B9D6-64771DB0423C}.MinSizeRel|Win32.Build.0 = Release|Win32
		{8ABB7188-77B8-4A24-B9D6-64771DB0423C}.Release Library|Win32.ActiveCfg = Release|Win32
		{8ABB7188-77B8-4A24-B9D6-64771DB0423C}.Release Library|Win32.Build.0 = Release|Win32
		{8ABB7188-77B8-4A24-B9D6-64771DB0423C}.Release|Win32.ActiveCfg = Release|Win32
		{8ABB7188-77B8-4A24-B9D6-64771DB0423C}.Release|Win32.Build.0 = Release|Win32
		{8ABB7188-77B8-4A24-B9D6-64771DB0423C}.RelWithDebInfo|Win32.ActiveCfg = Release|Win32
		{8ABB7188-77B8-4A24-B9D6-64771DB0423C}.RelWithDebInfo|Win32.Build.0 = Release|Win32
		{1143868B-F8AC-43E0-B473-A6F80B29B1CC}.Debug Library|Win32.ActiveCfg = Debug|Win32
		{1143868B-F8AC-43E0-B473-A6F80B29B1CC}.Debug Library|Win32.Build.0 = Debug|Win32
		{1143868B-F8AC-43E0-B473-A6F80B29B1CC}.Debug|Win32.ActiveCfg = Debug|Win32
		{1143868B-F8AC-43E0-B473-A6F80B29B1CC}.Debug|Win32.Build.0 = Debug|Win32
		{1143868B-F8AC-43E0-B473-A6F80B29B1CC}.MinSizeRel|Win32.ActiveCfg = MinSizeRel|Win32
		{1143868B-F8AC-43E0-B473-A6F80B29B1CC}.MinSizeRel|Win32.Build.0 = MinSizeRel|Win32
		{1143868B-F8AC-43E0-B473-A6F80B29B1CC}.Release Library|Win32.ActiveCfg = Release|Win32
		{1143868B-F8AC-43E0-B473-A6F80B29B1CC}.Release Library|Win32.Build.0 = Release|Win32
		{1143868B-F8AC-43E0-B473-A6F80B29B1CC}.Release|Win32.ActiveCfg = Release|Win32
		{1143868B-F8AC-43E0-B473-A6F80B29B1CC}.Release|Win32.Build.0 = Release|Win32
		{1143868B-F8AC-43E0-B473-A6F80B29B1CC}.RelWithDebInfo|Win32.ActiveCfg = RelWithDebInfo|Win32
		{1143868B-F8AC-43E0-B473-A6F80B29B1CC}.RelWithDebInfo|Win32.Build.0 = RelWithDebInfo|Win32
		{9D159060-AAE0-4537-9F91-4C4C534E9DBA}.Debug Library|Win32.ActiveCfg = Debug|Win32
		{9D159060-AAE0-4537-9F91-4C4C534E9DBA}.Debug Library|Win32.Build.0 = Debug|Win32
		{9D159060-AAE0-4537-9F91-4C4C534E9DBA}.Debug|Win32.ActiveCfg = Debug|Win32
		{9D159060-AAE0-4537-9F91-4C4C534E9DBA}.Debug|Win32.Build.0 = Debug|Win32
		{9D159060-AAE0-4537-9F91-4C4C534E9DBA}.MinSizeRel|Win32.ActiveCfg = Release|Win32
		{9D159060-AAE0-4537-9F91-4C4C534E9DBA}.MinSizeRel|Win32.Build.0 = Release|Win32
		{9D159060-AAE0-4537-9F91-4C4C534E9DBA}.Release Library|Win32.ActiveCfg = Release|Win32
		{9D159060-AAE0-4537-9F91-4C4C534E9DBA}.Release Library|Win32.Build.0 = Release|Win32
		{9D159060-AAE0-4537-9F91-4C4C534E9DBA}.Release|Win32.ActiveCfg = Release|Win32
		{9D159060-AAE0-4537-9F91-4C4C534E9DBA}.Release|Win32.Build.0 = Release|Win32
		{9D159060-AAE0-4537-9F91-4C4C534E9DBA}.RelWithDebInfo|Win32.ActiveCfg = Release|Win32
		{9D159060-AAE0-4537-9F91-4C4C534E9DBA}.RelWithDebInfo|Win32.Build.0 = Release|Win32
	EndGlobalSection
	GlobalSection(SolutionProperties) = preSolution
		HideSolutionNode = FALSE
	EndGlobalSection
EndGlobal
